
Microsoft Visual Studio Solution File, Format Version 12.00
# Visual Studio Version 16
VisualStudioVersion = 16.0.30804.86
MinimumVisualStudioVersion = 10.0.40219.1
Project("{FAE04EC0-301F-11D3-BF4B-00C04F79EFBC}") = "osszetettadato", "osszetettadato.csproj", "{B26C3C91-798E-465B-B9E5-40CD71B2D5EE}"
EndProject
Global
	GlobalSection(SolutionConfigurationPlatforms) = preSolution
		Debug|Any CPU = Debug|Any CPU
		Release|Any CPU = Release|Any CPU
	EndGlobalSection
	GlobalSection(ProjectConfigurationPlatforms) = postSolution
		{B26C3C91-798E-465B-B9E5-40CD71B2D5EE}.Debug|Any CPU.ActiveCfg = Debug|Any CPU
		{B26C3C91-798E-465B-B9E5-40CD71B2D5EE}.Debug|Any CPU.Build.0 = Debug|Any CPU
		{B26C3C91-798E-465B-B9E5-40CD71B2D5EE}.Release|Any CPU.ActiveCfg = Release|Any CPU
		{B26C3C91-798E-465B-B9E5-40CD71B2D5EE}.Release|Any CPU.Build.0 = Release|Any CPU
	EndGlobalSection
	GlobalSection(SolutionProperties) = preSolution
		HideSolutionNode = FALSE
	EndGlobalSection
	GlobalSection(ExtensibilityGlobals) = postSolution
		SolutionGuid = {16A2A105-439C-4976-8823-3E935CEDB095}
	EndGlobalSection
EndGlobal
