
Microsoft Visual Studio Solution File, Format Version 12.00
# Visual Studio Version 16
VisualStudioVersion = 16.0.30804.86
MinimumVisualStudioVersion = 10.0.40219.1
Project("{FAE04EC0-301F-11D3-BF4B-00C04F79EFBC}") = "osztálynévsor", "osztálynévsor.csproj", "{5B7E8FC7-865B-4710-9EBC-49798A1FAF53}"
EndProject
Global
	GlobalSection(SolutionConfigurationPlatforms) = preSolution
		Debug|Any CPU = Debug|Any CPU
		Release|Any CPU = Release|Any CPU
	EndGlobalSection
	GlobalSection(ProjectConfigurationPlatforms) = postSolution
		{5B7E8FC7-865B-4710-9EBC-49798A1FAF53}.Debug|Any CPU.ActiveCfg = Debug|Any CPU
		{5B7E8FC7-865B-4710-9EBC-49798A1FAF53}.Debug|Any CPU.Build.0 = Debug|Any CPU
		{5B7E8FC7-865B-4710-9EBC-49798A1FAF53}.Release|Any CPU.ActiveCfg = Release|Any CPU
		{5B7E8FC7-865B-4710-9EBC-49798A1FAF53}.Release|Any CPU.Build.0 = Release|Any CPU
	EndGlobalSection
	GlobalSection(SolutionProperties) = preSolution
		HideSolutionNode = FALSE
	EndGlobalSection
	GlobalSection(ExtensibilityGlobals) = postSolution
		SolutionGuid = {6925EEB5-F433-42CD-ADFA-96DEE63E336E}
	EndGlobalSection
EndGlobal
