
Microsoft Visual Studio Solution File, Format Version 12.00
# Visual Studio Version 16
VisualStudioVersion = 16.0.30621.155
MinimumVisualStudioVersion = 10.0.40219.1
Project("{FAE04EC0-301F-11D3-BF4B-00C04F79EFBC}") = "másod2", "másod2.csproj", "{2AEC8A49-7915-4480-87FC-2EAC2C0756DD}"
EndProject
Global
	GlobalSection(SolutionConfigurationPlatforms) = preSolution
		Debug|Any CPU = Debug|Any CPU
		Release|Any CPU = Release|Any CPU
	EndGlobalSection
	GlobalSection(ProjectConfigurationPlatforms) = postSolution
		{2AEC8A49-7915-4480-87FC-2EAC2C0756DD}.Debug|Any CPU.ActiveCfg = Debug|Any CPU
		{2AEC8A49-7915-4480-87FC-2EAC2C0756DD}.Debug|Any CPU.Build.0 = Debug|Any CPU
		{2AEC8A49-7915-4480-87FC-2EAC2C0756DD}.Release|Any CPU.ActiveCfg = Release|Any CPU
		{2AEC8A49-7915-4480-87FC-2EAC2C0756DD}.Release|Any CPU.Build.0 = Release|Any CPU
	EndGlobalSection
	GlobalSection(SolutionProperties) = preSolution
		HideSolutionNode = FALSE
	EndGlobalSection
	GlobalSection(ExtensibilityGlobals) = postSolution
		SolutionGuid = {015BF186-DE29-4B6F-A6FD-FF4846E8C64B}
	EndGlobalSection
EndGlobal
