
Microsoft Visual Studio Solution File, Format Version 12.00
# Visual Studio Version 16
VisualStudioVersion = 16.0.30104.148
MinimumVisualStudioVersion = 10.0.40219.1
Project("{FAE04EC0-301F-11D3-BF4B-00C04F79EFBC}") = "oktatóprogram", "oktatóprogram.csproj", "{4F2A6F0D-6807-4327-BDDF-4FA4A38FCDE3}"
EndProject
Global
	GlobalSection(SolutionConfigurationPlatforms) = preSolution
		Debug|Any CPU = Debug|Any CPU
		Release|Any CPU = Release|Any CPU
	EndGlobalSection
	GlobalSection(ProjectConfigurationPlatforms) = postSolution
		{4F2A6F0D-6807-4327-BDDF-4FA4A38FCDE3}.Debug|Any CPU.ActiveCfg = Debug|Any CPU
		{4F2A6F0D-6807-4327-BDDF-4FA4A38FCDE3}.Debug|Any CPU.Build.0 = Debug|Any CPU
		{4F2A6F0D-6807-4327-BDDF-4FA4A38FCDE3}.Release|Any CPU.ActiveCfg = Release|Any CPU
		{4F2A6F0D-6807-4327-BDDF-4FA4A38FCDE3}.Release|Any CPU.Build.0 = Release|Any CPU
	EndGlobalSection
	GlobalSection(SolutionProperties) = preSolution
		HideSolutionNode = FALSE
	EndGlobalSection
	GlobalSection(ExtensibilityGlobals) = postSolution
		SolutionGuid = {3E89ACF0-230F-47E6-A811-8A4AC73A8BEB}
	EndGlobalSection
EndGlobal
