
Microsoft Visual Studio Solution File, Format Version 12.00
# Visual Studio Version 16
VisualStudioVersion = 16.0.30621.155
MinimumVisualStudioVersion = 10.0.40219.1
Project("{FAE04EC0-301F-11D3-BF4B-00C04F79EFBC}") = "másodfokú", "másodfokú.csproj", "{FFC99619-B9F8-4045-893A-01F41E6F99A6}"
EndProject
Global
	GlobalSection(SolutionConfigurationPlatforms) = preSolution
		Debug|Any CPU = Debug|Any CPU
		Release|Any CPU = Release|Any CPU
	EndGlobalSection
	GlobalSection(ProjectConfigurationPlatforms) = postSolution
		{FFC99619-B9F8-4045-893A-01F41E6F99A6}.Debug|Any CPU.ActiveCfg = Debug|Any CPU
		{FFC99619-B9F8-4045-893A-01F41E6F99A6}.Debug|Any CPU.Build.0 = Debug|Any CPU
		{FFC99619-B9F8-4045-893A-01F41E6F99A6}.Release|Any CPU.ActiveCfg = Release|Any CPU
		{FFC99619-B9F8-4045-893A-01F41E6F99A6}.Release|Any CPU.Build.0 = Release|Any CPU
	EndGlobalSection
	GlobalSection(SolutionProperties) = preSolution
		HideSolutionNode = FALSE
	EndGlobalSection
	GlobalSection(ExtensibilityGlobals) = postSolution
		SolutionGuid = {D86E5724-FDE0-40C8-B32A-B6AB871EE273}
	EndGlobalSection
EndGlobal
