
Microsoft Visual Studio Solution File, Format Version 12.00
# Visual Studio Version 16
VisualStudioVersion = 16.0.30104.148
MinimumVisualStudioVersion = 10.0.40219.1
Project("{FAE04EC0-301F-11D3-BF4B-00C04F79EFBC}") = "feladat 2", "feladat 2.csproj", "{5E748444-2343-4917-B69B-700EF703A090}"
EndProject
Global
	GlobalSection(SolutionConfigurationPlatforms) = preSolution
		Debug|Any CPU = Debug|Any CPU
		Release|Any CPU = Release|Any CPU
	EndGlobalSection
	GlobalSection(ProjectConfigurationPlatforms) = postSolution
		{5E748444-2343-4917-B69B-700EF703A090}.Debug|Any CPU.ActiveCfg = Debug|Any CPU
		{5E748444-2343-4917-B69B-700EF703A090}.Debug|Any CPU.Build.0 = Debug|Any CPU
		{5E748444-2343-4917-B69B-700EF703A090}.Release|Any CPU.ActiveCfg = Release|Any CPU
		{5E748444-2343-4917-B69B-700EF703A090}.Release|Any CPU.Build.0 = Release|Any CPU
	EndGlobalSection
	GlobalSection(SolutionProperties) = preSolution
		HideSolutionNode = FALSE
	EndGlobalSection
	GlobalSection(ExtensibilityGlobals) = postSolution
		SolutionGuid = {2645C61D-BDEC-44C6-AFE4-6D9BF5AEE1E2}
	EndGlobalSection
EndGlobal
