
Microsoft Visual Studio Solution File, Format Version 12.00
# Visual Studio Version 16
VisualStudioVersion = 16.0.30804.86
MinimumVisualStudioVersion = 10.0.40219.1
Project("{FAE04EC0-301F-11D3-BF4B-00C04F79EFBC}") = "faktorialis", "faktorialis.csproj", "{03449A3F-563D-4831-9484-8B82ACA7096E}"
EndProject
Global
	GlobalSection(SolutionConfigurationPlatforms) = preSolution
		Debug|Any CPU = Debug|Any CPU
		Release|Any CPU = Release|Any CPU
	EndGlobalSection
	GlobalSection(ProjectConfigurationPlatforms) = postSolution
		{03449A3F-563D-4831-9484-8B82ACA7096E}.Debug|Any CPU.ActiveCfg = Debug|Any CPU
		{03449A3F-563D-4831-9484-8B82ACA7096E}.Debug|Any CPU.Build.0 = Debug|Any CPU
		{03449A3F-563D-4831-9484-8B82ACA7096E}.Release|Any CPU.ActiveCfg = Release|Any CPU
		{03449A3F-563D-4831-9484-8B82ACA7096E}.Release|Any CPU.Build.0 = Release|Any CPU
	EndGlobalSection
	GlobalSection(SolutionProperties) = preSolution
		HideSolutionNode = FALSE
	EndGlobalSection
	GlobalSection(ExtensibilityGlobals) = postSolution
		SolutionGuid = {638C52DB-30CC-4CB4-90F7-AE41FB655443}
	EndGlobalSection
EndGlobal
