
Microsoft Visual Studio Solution File, Format Version 12.00
# Visual Studio Version 16
VisualStudioVersion = 16.0.30621.155
MinimumVisualStudioVersion = 10.0.40219.1
Project("{FAE04EC0-301F-11D3-BF4B-00C04F79EFBC}") = "duna stat", "duna stat.csproj", "{A23B5731-5245-4FCB-B1D4-EF1A2BBB554C}"
EndProject
Global
	GlobalSection(SolutionConfigurationPlatforms) = preSolution
		Debug|Any CPU = Debug|Any CPU
		Release|Any CPU = Release|Any CPU
	EndGlobalSection
	GlobalSection(ProjectConfigurationPlatforms) = postSolution
		{A23B5731-5245-4FCB-B1D4-EF1A2BBB554C}.Debug|Any CPU.ActiveCfg = Debug|Any CPU
		{A23B5731-5245-4FCB-B1D4-EF1A2BBB554C}.Debug|Any CPU.Build.0 = Debug|Any CPU
		{A23B5731-5245-4FCB-B1D4-EF1A2BBB554C}.Release|Any CPU.ActiveCfg = Release|Any CPU
		{A23B5731-5245-4FCB-B1D4-EF1A2BBB554C}.Release|Any CPU.Build.0 = Release|Any CPU
	EndGlobalSection
	GlobalSection(SolutionProperties) = preSolution
		HideSolutionNode = FALSE
	EndGlobalSection
	GlobalSection(ExtensibilityGlobals) = postSolution
		SolutionGuid = {07D84B5B-C4FC-4EEE-8644-047F2EF67E9C}
	EndGlobalSection
EndGlobal
