
Microsoft Visual Studio Solution File, Format Version 10.00
# Visual C# Express 2008
Project("{FAE04EC0-301F-11D3-BF4B-00C04F79EFBC}") = "pitagorasz", "pitagorasz\pitagorasz.csproj", "{46906812-820A-4A2B-A5B0-208172F906DD}"
EndProject
Global
	GlobalSection(SolutionConfigurationPlatforms) = preSolution
		Debug|Any CPU = Debug|Any CPU
		Release|Any CPU = Release|Any CPU
	EndGlobalSection
	GlobalSection(ProjectConfigurationPlatforms) = postSolution
		{46906812-820A-4A2B-A5B0-208172F906DD}.Debug|Any CPU.ActiveCfg = Debug|Any CPU
		{46906812-820A-4A2B-A5B0-208172F906DD}.Debug|Any CPU.Build.0 = Debug|Any CPU
		{46906812-820A-4A2B-A5B0-208172F906DD}.Release|Any CPU.ActiveCfg = Release|Any CPU
		{46906812-820A-4A2B-A5B0-208172F906DD}.Release|Any CPU.Build.0 = Release|Any CPU
	EndGlobalSection
	GlobalSection(SolutionProperties) = preSolution
		HideSolutionNode = FALSE
	EndGlobalSection
EndGlobal
