
Microsoft Visual Studio Solution File, Format Version 12.00
# Visual Studio Version 16
VisualStudioVersion = 16.0.30621.155
MinimumVisualStudioVersion = 10.0.40219.1
Project("{FAE04EC0-301F-11D3-BF4B-00C04F79EFBC}") = "szövegfájlbairvégjelig", "szövegfájlbairvégjelig.csproj", "{CAB23467-4745-4966-B485-F3AE5C53B717}"
EndProject
Global
	GlobalSection(SolutionConfigurationPlatforms) = preSolution
		Debug|Any CPU = Debug|Any CPU
		Release|Any CPU = Release|Any CPU
	EndGlobalSection
	GlobalSection(ProjectConfigurationPlatforms) = postSolution
		{CAB23467-4745-4966-B485-F3AE5C53B717}.Debug|Any CPU.ActiveCfg = Debug|Any CPU
		{CAB23467-4745-4966-B485-F3AE5C53B717}.Debug|Any CPU.Build.0 = Debug|Any CPU
		{CAB23467-4745-4966-B485-F3AE5C53B717}.Release|Any CPU.ActiveCfg = Release|Any CPU
		{CAB23467-4745-4966-B485-F3AE5C53B717}.Release|Any CPU.Build.0 = Release|Any CPU
	EndGlobalSection
	GlobalSection(SolutionProperties) = preSolution
		HideSolutionNode = FALSE
	EndGlobalSection
	GlobalSection(ExtensibilityGlobals) = postSolution
		SolutionGuid = {E97462E5-9A6B-488D-B4E7-261209C527C2}
	EndGlobalSection
EndGlobal
