
Microsoft Visual Studio Solution File, Format Version 10.00
# Visual C# Express 2008
Project("{FAE04EC0-301F-11D3-BF4B-00C04F79EFBC}") = "korlev", "korlev\korlev.csproj", "{B11FE6BC-D92F-4549-90AD-D3B23A486F5B}"
EndProject
Global
	GlobalSection(SolutionConfigurationPlatforms) = preSolution
		Debug|Any CPU = Debug|Any CPU
		Release|Any CPU = Release|Any CPU
	EndGlobalSection
	GlobalSection(ProjectConfigurationPlatforms) = postSolution
		{B11FE6BC-D92F-4549-90AD-D3B23A486F5B}.Debug|Any CPU.ActiveCfg = Debug|Any CPU
		{B11FE6BC-D92F-4549-90AD-D3B23A486F5B}.Debug|Any CPU.Build.0 = Debug|Any CPU
		{B11FE6BC-D92F-4549-90AD-D3B23A486F5B}.Release|Any CPU.ActiveCfg = Release|Any CPU
		{B11FE6BC-D92F-4549-90AD-D3B23A486F5B}.Release|Any CPU.Build.0 = Release|Any CPU
	EndGlobalSection
	GlobalSection(SolutionProperties) = preSolution
		HideSolutionNode = FALSE
	EndGlobalSection
EndGlobal
