
Microsoft Visual Studio Solution File, Format Version 12.00
# Visual Studio Version 16
VisualStudioVersion = 16.0.31911.196
MinimumVisualStudioVersion = 10.0.40219.1
Project("{FAE04EC0-301F-11D3-BF4B-00C04F79EFBC}") = "Labda", "Labda.csproj", "{AADC1392-8E01-48A5-8B28-E3EF475C9499}"
EndProject
Global
	GlobalSection(SolutionConfigurationPlatforms) = preSolution
		Debug|Any CPU = Debug|Any CPU
		Release|Any CPU = Release|Any CPU
	EndGlobalSection
	GlobalSection(ProjectConfigurationPlatforms) = postSolution
		{AADC1392-8E01-48A5-8B28-E3EF475C9499}.Debug|Any CPU.ActiveCfg = Debug|Any CPU
		{AADC1392-8E01-48A5-8B28-E3EF475C9499}.Debug|Any CPU.Build.0 = Debug|Any CPU
		{AADC1392-8E01-48A5-8B28-E3EF475C9499}.Release|Any CPU.ActiveCfg = Release|Any CPU
		{AADC1392-8E01-48A5-8B28-E3EF475C9499}.Release|Any CPU.Build.0 = Release|Any CPU
	EndGlobalSection
	GlobalSection(SolutionProperties) = preSolution
		HideSolutionNode = FALSE
	EndGlobalSection
	GlobalSection(ExtensibilityGlobals) = postSolution
		SolutionGuid = {AB8E6D95-48B3-48DB-A386-9B26CFE4FC2C}
	EndGlobalSection
EndGlobal
