
Microsoft Visual Studio Solution File, Format Version 12.00
# Visual Studio Version 16
VisualStudioVersion = 16.0.31205.134
MinimumVisualStudioVersion = 10.0.40219.1
Project("{FAE04EC0-301F-11D3-BF4B-00C04F79EFBC}") = "footgolf12a", "footgolf12a.csproj", "{EC40A6F4-1869-4006-8474-82A404351B48}"
EndProject
Global
	GlobalSection(SolutionConfigurationPlatforms) = preSolution
		Debug|Any CPU = Debug|Any CPU
		Release|Any CPU = Release|Any CPU
	EndGlobalSection
	GlobalSection(ProjectConfigurationPlatforms) = postSolution
		{EC40A6F4-1869-4006-8474-82A404351B48}.Debug|Any CPU.ActiveCfg = Debug|Any CPU
		{EC40A6F4-1869-4006-8474-82A404351B48}.Debug|Any CPU.Build.0 = Debug|Any CPU
		{EC40A6F4-1869-4006-8474-82A404351B48}.Release|Any CPU.ActiveCfg = Release|Any CPU
		{EC40A6F4-1869-4006-8474-82A404351B48}.Release|Any CPU.Build.0 = Release|Any CPU
	EndGlobalSection
	GlobalSection(SolutionProperties) = preSolution
		HideSolutionNode = FALSE
	EndGlobalSection
	GlobalSection(ExtensibilityGlobals) = postSolution
		SolutionGuid = {8C52ABCE-1FF1-4FFF-8C17-62AEAB772CB3}
	EndGlobalSection
EndGlobal
