
Microsoft Visual Studio Solution File, Format Version 10.00
# Visual C# Express 2008
Project("{FAE04EC0-301F-11D3-BF4B-00C04F79EFBC}") = "uto", "uto\uto.csproj", "{96E85DA1-0DBD-4F09-AB68-72FC055096F8}"
EndProject
Global
	GlobalSection(SolutionConfigurationPlatforms) = preSolution
		Debug|Any CPU = Debug|Any CPU
		Release|Any CPU = Release|Any CPU
	EndGlobalSection
	GlobalSection(ProjectConfigurationPlatforms) = postSolution
		{96E85DA1-0DBD-4F09-AB68-72FC055096F8}.Debug|Any CPU.ActiveCfg = Debug|Any CPU
		{96E85DA1-0DBD-4F09-AB68-72FC055096F8}.Debug|Any CPU.Build.0 = Debug|Any CPU
		{96E85DA1-0DBD-4F09-AB68-72FC055096F8}.Release|Any CPU.ActiveCfg = Release|Any CPU
		{96E85DA1-0DBD-4F09-AB68-72FC055096F8}.Release|Any CPU.Build.0 = Release|Any CPU
	EndGlobalSection
	GlobalSection(SolutionProperties) = preSolution
		HideSolutionNode = FALSE
	EndGlobalSection
EndGlobal
