
Microsoft Visual Studio Solution File, Format Version 12.00
# Visual Studio Version 16
VisualStudioVersion = 16.0.30413.136
MinimumVisualStudioVersion = 10.0.40219.1
Project("{FAE04EC0-301F-11D3-BF4B-00C04F79EFBC}") = "háromszögek", "háromszögek.csproj", "{96AC105C-FFD4-4952-A306-22D018BE4F4D}"
EndProject
Global
	GlobalSection(SolutionConfigurationPlatforms) = preSolution
		Debug|Any CPU = Debug|Any CPU
		Release|Any CPU = Release|Any CPU
	EndGlobalSection
	GlobalSection(ProjectConfigurationPlatforms) = postSolution
		{96AC105C-FFD4-4952-A306-22D018BE4F4D}.Debug|Any CPU.ActiveCfg = Debug|Any CPU
		{96AC105C-FFD4-4952-A306-22D018BE4F4D}.Debug|Any CPU.Build.0 = Debug|Any CPU
		{96AC105C-FFD4-4952-A306-22D018BE4F4D}.Release|Any CPU.ActiveCfg = Release|Any CPU
		{96AC105C-FFD4-4952-A306-22D018BE4F4D}.Release|Any CPU.Build.0 = Release|Any CPU
	EndGlobalSection
	GlobalSection(SolutionProperties) = preSolution
		HideSolutionNode = FALSE
	EndGlobalSection
	GlobalSection(ExtensibilityGlobals) = postSolution
		SolutionGuid = {8F1506A1-9AA3-4543-A7D2-512B45DE6C9C}
	EndGlobalSection
EndGlobal
