
Microsoft Visual Studio Solution File, Format Version 12.00
# Visual Studio Version 16
VisualStudioVersion = 16.0.30621.155
MinimumVisualStudioVersion = 10.0.40219.1
Project("{FAE04EC0-301F-11D3-BF4B-00C04F79EFBC}") = "FiuNevek", "FiuNevek.csproj", "{92695934-111F-42B8-A8B8-8BB2873BBA22}"
EndProject
Global
	GlobalSection(SolutionConfigurationPlatforms) = preSolution
		Debug|Any CPU = Debug|Any CPU
		Release|Any CPU = Release|Any CPU
	EndGlobalSection
	GlobalSection(ProjectConfigurationPlatforms) = postSolution
		{92695934-111F-42B8-A8B8-8BB2873BBA22}.Debug|Any CPU.ActiveCfg = Debug|Any CPU
		{92695934-111F-42B8-A8B8-8BB2873BBA22}.Debug|Any CPU.Build.0 = Debug|Any CPU
		{92695934-111F-42B8-A8B8-8BB2873BBA22}.Release|Any CPU.ActiveCfg = Release|Any CPU
		{92695934-111F-42B8-A8B8-8BB2873BBA22}.Release|Any CPU.Build.0 = Release|Any CPU
	EndGlobalSection
	GlobalSection(SolutionProperties) = preSolution
		HideSolutionNode = FALSE
	EndGlobalSection
	GlobalSection(ExtensibilityGlobals) = postSolution
		SolutionGuid = {C332A86E-C8FA-4781-8756-8309E3CAFBE3}
	EndGlobalSection
EndGlobal
