
Microsoft Visual Studio Solution File, Format Version 12.00
# Visual Studio Version 16
VisualStudioVersion = 16.0.30621.155
MinimumVisualStudioVersion = 10.0.40219.1
Project("{FAE04EC0-301F-11D3-BF4B-00C04F79EFBC}") = "ponthatárok", "ponthatárok.csproj", "{4531AFA6-B5B5-40EE-9F6C-0D7F4E838342}"
EndProject
Global
	GlobalSection(SolutionConfigurationPlatforms) = preSolution
		Debug|Any CPU = Debug|Any CPU
		Release|Any CPU = Release|Any CPU
	EndGlobalSection
	GlobalSection(ProjectConfigurationPlatforms) = postSolution
		{4531AFA6-B5B5-40EE-9F6C-0D7F4E838342}.Debug|Any CPU.ActiveCfg = Debug|Any CPU
		{4531AFA6-B5B5-40EE-9F6C-0D7F4E838342}.Debug|Any CPU.Build.0 = Debug|Any CPU
		{4531AFA6-B5B5-40EE-9F6C-0D7F4E838342}.Release|Any CPU.ActiveCfg = Release|Any CPU
		{4531AFA6-B5B5-40EE-9F6C-0D7F4E838342}.Release|Any CPU.Build.0 = Release|Any CPU
	EndGlobalSection
	GlobalSection(SolutionProperties) = preSolution
		HideSolutionNode = FALSE
	EndGlobalSection
	GlobalSection(ExtensibilityGlobals) = postSolution
		SolutionGuid = {A953AD94-2AFA-4A5C-BCD7-8CA9DF6AD62E}
	EndGlobalSection
EndGlobal
