
Microsoft Visual Studio Solution File, Format Version 12.00
# Visual Studio Version 16
VisualStudioVersion = 16.0.30804.86
MinimumVisualStudioVersion = 10.0.40219.1
Project("{FAE04EC0-301F-11D3-BF4B-00C04F79EFBC}") = "eleározás", "eleározás.csproj", "{DC48C6CA-8C31-4220-85CB-4BDD30A07AFF}"
EndProject
Global
	GlobalSection(SolutionConfigurationPlatforms) = preSolution
		Debug|Any CPU = Debug|Any CPU
		Release|Any CPU = Release|Any CPU
	EndGlobalSection
	GlobalSection(ProjectConfigurationPlatforms) = postSolution
		{DC48C6CA-8C31-4220-85CB-4BDD30A07AFF}.Debug|Any CPU.ActiveCfg = Debug|Any CPU
		{DC48C6CA-8C31-4220-85CB-4BDD30A07AFF}.Debug|Any CPU.Build.0 = Debug|Any CPU
		{DC48C6CA-8C31-4220-85CB-4BDD30A07AFF}.Release|Any CPU.ActiveCfg = Release|Any CPU
		{DC48C6CA-8C31-4220-85CB-4BDD30A07AFF}.Release|Any CPU.Build.0 = Release|Any CPU
	EndGlobalSection
	GlobalSection(SolutionProperties) = preSolution
		HideSolutionNode = FALSE
	EndGlobalSection
	GlobalSection(ExtensibilityGlobals) = postSolution
		SolutionGuid = {3BE1B6E0-4E56-4D3E-A2B2-C1D5BE810923}
	EndGlobalSection
EndGlobal
