
Microsoft Visual Studio Solution File, Format Version 12.00
# Visual Studio Version 16
VisualStudioVersion = 16.0.30621.155
MinimumVisualStudioVersion = 10.0.40219.1
Project("{FAE04EC0-301F-11D3-BF4B-00C04F79EFBC}") = "feladatok 1-30", "feladatok 1-30.csproj", "{415CDB3B-ADB1-4F1A-91AE-D05F0AC1D891}"
EndProject
Global
	GlobalSection(SolutionConfigurationPlatforms) = preSolution
		Debug|Any CPU = Debug|Any CPU
		Release|Any CPU = Release|Any CPU
	EndGlobalSection
	GlobalSection(ProjectConfigurationPlatforms) = postSolution
		{415CDB3B-ADB1-4F1A-91AE-D05F0AC1D891}.Debug|Any CPU.ActiveCfg = Debug|Any CPU
		{415CDB3B-ADB1-4F1A-91AE-D05F0AC1D891}.Debug|Any CPU.Build.0 = Debug|Any CPU
		{415CDB3B-ADB1-4F1A-91AE-D05F0AC1D891}.Release|Any CPU.ActiveCfg = Release|Any CPU
		{415CDB3B-ADB1-4F1A-91AE-D05F0AC1D891}.Release|Any CPU.Build.0 = Release|Any CPU
	EndGlobalSection
	GlobalSection(SolutionProperties) = preSolution
		HideSolutionNode = FALSE
	EndGlobalSection
	GlobalSection(ExtensibilityGlobals) = postSolution
		SolutionGuid = {88150559-B6A2-4E69-BE56-6EAB20D5F079}
	EndGlobalSection
EndGlobal
