
Microsoft Visual Studio Solution File, Format Version 12.00
# Visual Studio Version 16
VisualStudioVersion = 16.0.30104.148
MinimumVisualStudioVersion = 10.0.40219.1
Project("{FAE04EC0-301F-11D3-BF4B-00C04F79EFBC}") = "39 feladat - másodfoku fuggvény", "39 feladat - másodfoku fuggvény.csproj", "{10706FD5-28DA-43D0-97C2-436CE008DF7A}"
EndProject
Global
	GlobalSection(SolutionConfigurationPlatforms) = preSolution
		Debug|Any CPU = Debug|Any CPU
		Release|Any CPU = Release|Any CPU
	EndGlobalSection
	GlobalSection(ProjectConfigurationPlatforms) = postSolution
		{10706FD5-28DA-43D0-97C2-436CE008DF7A}.Debug|Any CPU.ActiveCfg = Debug|Any CPU
		{10706FD5-28DA-43D0-97C2-436CE008DF7A}.Debug|Any CPU.Build.0 = Debug|Any CPU
		{10706FD5-28DA-43D0-97C2-436CE008DF7A}.Release|Any CPU.ActiveCfg = Release|Any CPU
		{10706FD5-28DA-43D0-97C2-436CE008DF7A}.Release|Any CPU.Build.0 = Release|Any CPU
	EndGlobalSection
	GlobalSection(SolutionProperties) = preSolution
		HideSolutionNode = FALSE
	EndGlobalSection
	GlobalSection(ExtensibilityGlobals) = postSolution
		SolutionGuid = {7C25F4F9-3D55-4538-A2DC-5BAA31F7C04E}
	EndGlobalSection
EndGlobal
