
Microsoft Visual Studio Solution File, Format Version 12.00
# Visual Studio Version 16
VisualStudioVersion = 16.0.31205.134
MinimumVisualStudioVersion = 10.0.40219.1
Project("{FAE04EC0-301F-11D3-BF4B-00C04F79EFBC}") = "karacsonyCLI", "karacsonyCLI.csproj", "{EFA6F554-44E9-4649-A52E-D931B9F2B1F0}"
EndProject
Global
	GlobalSection(SolutionConfigurationPlatforms) = preSolution
		Debug|Any CPU = Debug|Any CPU
		Release|Any CPU = Release|Any CPU
	EndGlobalSection
	GlobalSection(ProjectConfigurationPlatforms) = postSolution
		{EFA6F554-44E9-4649-A52E-D931B9F2B1F0}.Debug|Any CPU.ActiveCfg = Debug|Any CPU
		{EFA6F554-44E9-4649-A52E-D931B9F2B1F0}.Debug|Any CPU.Build.0 = Debug|Any CPU
		{EFA6F554-44E9-4649-A52E-D931B9F2B1F0}.Release|Any CPU.ActiveCfg = Release|Any CPU
		{EFA6F554-44E9-4649-A52E-D931B9F2B1F0}.Release|Any CPU.Build.0 = Release|Any CPU
	EndGlobalSection
	GlobalSection(SolutionProperties) = preSolution
		HideSolutionNode = FALSE
	EndGlobalSection
	GlobalSection(ExtensibilityGlobals) = postSolution
		SolutionGuid = {0E62DE78-871B-4A9F-8714-1B199AA183D5}
	EndGlobalSection
EndGlobal
