
Microsoft Visual Studio Solution File, Format Version 12.00
# Visual Studio Version 16
VisualStudioVersion = 16.0.30804.86
MinimumVisualStudioVersion = 10.0.40219.1
Project("{9A19103F-16F7-4668-BE54-9A1E7A4F7556}") = "ADFGVX", "ADFGVX.csproj", "{8561239C-B4AD-4424-8E9B-4916A4816DBE}"
EndProject
Project("{9A19103F-16F7-4668-BE54-9A1E7A4F7556}") = "ADFGVXgui", "..\..\..\csharp-win\WPF\ADFGVXgui\ADFGVXgui.csproj", "{43B822D9-104D-4C9B-B8AD-FA070D9A175C}"
EndProject
Global
	GlobalSection(SolutionConfigurationPlatforms) = preSolution
		Debug|Any CPU = Debug|Any CPU
		Release|Any CPU = Release|Any CPU
	EndGlobalSection
	GlobalSection(ProjectConfigurationPlatforms) = postSolution
		{8561239C-B4AD-4424-8E9B-4916A4816DBE}.Debug|Any CPU.ActiveCfg = Debug|Any CPU
		{8561239C-B4AD-4424-8E9B-4916A4816DBE}.Debug|Any CPU.Build.0 = Debug|Any CPU
		{8561239C-B4AD-4424-8E9B-4916A4816DBE}.Release|Any CPU.ActiveCfg = Release|Any CPU
		{8561239C-B4AD-4424-8E9B-4916A4816DBE}.Release|Any CPU.Build.0 = Release|Any CPU
		{43B822D9-104D-4C9B-B8AD-FA070D9A175C}.Debug|Any CPU.ActiveCfg = Debug|Any CPU
		{43B822D9-104D-4C9B-B8AD-FA070D9A175C}.Debug|Any CPU.Build.0 = Debug|Any CPU
		{43B822D9-104D-4C9B-B8AD-FA070D9A175C}.Release|Any CPU.ActiveCfg = Release|Any CPU
		{43B822D9-104D-4C9B-B8AD-FA070D9A175C}.Release|Any CPU.Build.0 = Release|Any CPU
	EndGlobalSection
	GlobalSection(SolutionProperties) = preSolution
		HideSolutionNode = FALSE
	EndGlobalSection
	GlobalSection(ExtensibilityGlobals) = postSolution
		SolutionGuid = {64554DCE-BB7E-49A2-AD15-6E4E878B690A}
	EndGlobalSection
EndGlobal
