
Microsoft Visual Studio Solution File, Format Version 12.00
# Visual Studio Version 16
VisualStudioVersion = 16.0.30621.155
MinimumVisualStudioVersion = 10.0.40219.1
Project("{FAE04EC0-301F-11D3-BF4B-00C04F79EFBC}") = "fibonacci", "fibonacci.csproj", "{C0DA4C66-DE64-45B2-ACD4-ADAB3B12D0FD}"
EndProject
Global
	GlobalSection(SolutionConfigurationPlatforms) = preSolution
		Debug|Any CPU = Debug|Any CPU
		Release|Any CPU = Release|Any CPU
	EndGlobalSection
	GlobalSection(ProjectConfigurationPlatforms) = postSolution
		{C0DA4C66-DE64-45B2-ACD4-ADAB3B12D0FD}.Debug|Any CPU.ActiveCfg = Debug|Any CPU
		{C0DA4C66-DE64-45B2-ACD4-ADAB3B12D0FD}.Debug|Any CPU.Build.0 = Debug|Any CPU
		{C0DA4C66-DE64-45B2-ACD4-ADAB3B12D0FD}.Release|Any CPU.ActiveCfg = Release|Any CPU
		{C0DA4C66-DE64-45B2-ACD4-ADAB3B12D0FD}.Release|Any CPU.Build.0 = Release|Any CPU
	EndGlobalSection
	GlobalSection(SolutionProperties) = preSolution
		HideSolutionNode = FALSE
	EndGlobalSection
	GlobalSection(ExtensibilityGlobals) = postSolution
		SolutionGuid = {0BCB8D57-F127-4F88-B32E-8006E9013A1F}
	EndGlobalSection
EndGlobal
