
Microsoft Visual Studio Solution File, Format Version 12.00
# Visual Studio Version 16
VisualStudioVersion = 16.0.30104.148
MinimumVisualStudioVersion = 10.0.40219.1
Project("{FAE04EC0-301F-11D3-BF4B-00C04F79EFBC}") = "minmax", "minmax.csproj", "{0D13430B-5230-4B8B-8EEE-88E1FDDC7464}"
EndProject
Global
	GlobalSection(SolutionConfigurationPlatforms) = preSolution
		Debug|Any CPU = Debug|Any CPU
		Release|Any CPU = Release|Any CPU
	EndGlobalSection
	GlobalSection(ProjectConfigurationPlatforms) = postSolution
		{0D13430B-5230-4B8B-8EEE-88E1FDDC7464}.Debug|Any CPU.ActiveCfg = Debug|Any CPU
		{0D13430B-5230-4B8B-8EEE-88E1FDDC7464}.Debug|Any CPU.Build.0 = Debug|Any CPU
		{0D13430B-5230-4B8B-8EEE-88E1FDDC7464}.Release|Any CPU.ActiveCfg = Release|Any CPU
		{0D13430B-5230-4B8B-8EEE-88E1FDDC7464}.Release|Any CPU.Build.0 = Release|Any CPU
	EndGlobalSection
	GlobalSection(SolutionProperties) = preSolution
		HideSolutionNode = FALSE
	EndGlobalSection
	GlobalSection(ExtensibilityGlobals) = postSolution
		SolutionGuid = {799C417D-9811-4DAE-8CA5-67465C437E6B}
	EndGlobalSection
EndGlobal
