
Microsoft Visual Studio Solution File, Format Version 12.00
# Visual Studio Version 16
VisualStudioVersion = 16.0.30804.86
MinimumVisualStudioVersion = 10.0.40219.1
Project("{FAE04EC0-301F-11D3-BF4B-00C04F79EFBC}") = "allat osztály", "allat osztály.csproj", "{A0875DBE-9D1C-49C0-A63F-9EEFB6297248}"
EndProject
Global
	GlobalSection(SolutionConfigurationPlatforms) = preSolution
		Debug|Any CPU = Debug|Any CPU
		Release|Any CPU = Release|Any CPU
	EndGlobalSection
	GlobalSection(ProjectConfigurationPlatforms) = postSolution
		{A0875DBE-9D1C-49C0-A63F-9EEFB6297248}.Debug|Any CPU.ActiveCfg = Debug|Any CPU
		{A0875DBE-9D1C-49C0-A63F-9EEFB6297248}.Debug|Any CPU.Build.0 = Debug|Any CPU
		{A0875DBE-9D1C-49C0-A63F-9EEFB6297248}.Release|Any CPU.ActiveCfg = Release|Any CPU
		{A0875DBE-9D1C-49C0-A63F-9EEFB6297248}.Release|Any CPU.Build.0 = Release|Any CPU
	EndGlobalSection
	GlobalSection(SolutionProperties) = preSolution
		HideSolutionNode = FALSE
	EndGlobalSection
	GlobalSection(ExtensibilityGlobals) = postSolution
		SolutionGuid = {B0FF10FE-79C9-4979-A11A-8E9542D6A662}
	EndGlobalSection
EndGlobal
