
Microsoft Visual Studio Solution File, Format Version 12.00
# Visual Studio Version 16
VisualStudioVersion = 16.0.30804.86
MinimumVisualStudioVersion = 10.0.40219.1
Project("{FAE04EC0-301F-11D3-BF4B-00C04F79EFBC}") = "file olvasa íras darabolás", "file olvasa íras darabolás.csproj", "{0A10BBD8-A1D1-4337-B94D-F47CBF7CB226}"
EndProject
Global
	GlobalSection(SolutionConfigurationPlatforms) = preSolution
		Debug|Any CPU = Debug|Any CPU
		Release|Any CPU = Release|Any CPU
	EndGlobalSection
	GlobalSection(ProjectConfigurationPlatforms) = postSolution
		{0A10BBD8-A1D1-4337-B94D-F47CBF7CB226}.Debug|Any CPU.ActiveCfg = Debug|Any CPU
		{0A10BBD8-A1D1-4337-B94D-F47CBF7CB226}.Debug|Any CPU.Build.0 = Debug|Any CPU
		{0A10BBD8-A1D1-4337-B94D-F47CBF7CB226}.Release|Any CPU.ActiveCfg = Release|Any CPU
		{0A10BBD8-A1D1-4337-B94D-F47CBF7CB226}.Release|Any CPU.Build.0 = Release|Any CPU
	EndGlobalSection
	GlobalSection(SolutionProperties) = preSolution
		HideSolutionNode = FALSE
	EndGlobalSection
	GlobalSection(ExtensibilityGlobals) = postSolution
		SolutionGuid = {75C4082E-74A9-4320-A067-06A0BFB98F9E}
	EndGlobalSection
EndGlobal
