
Microsoft Visual Studio Solution File, Format Version 12.00
# Visual Studio Version 16
VisualStudioVersion = 16.0.30804.86
MinimumVisualStudioVersion = 10.0.40219.1
Project("{FAE04EC0-301F-11D3-BF4B-00C04F79EFBC}") = "Harcos_11d", "Harcos_11d.csproj", "{3041B16C-17C3-4168-9384-5054D418E72D}"
EndProject
Global
	GlobalSection(SolutionConfigurationPlatforms) = preSolution
		Debug|Any CPU = Debug|Any CPU
		Release|Any CPU = Release|Any CPU
	EndGlobalSection
	GlobalSection(ProjectConfigurationPlatforms) = postSolution
		{3041B16C-17C3-4168-9384-5054D418E72D}.Debug|Any CPU.ActiveCfg = Debug|Any CPU
		{3041B16C-17C3-4168-9384-5054D418E72D}.Debug|Any CPU.Build.0 = Debug|Any CPU
		{3041B16C-17C3-4168-9384-5054D418E72D}.Release|Any CPU.ActiveCfg = Release|Any CPU
		{3041B16C-17C3-4168-9384-5054D418E72D}.Release|Any CPU.Build.0 = Release|Any CPU
	EndGlobalSection
	GlobalSection(SolutionProperties) = preSolution
		HideSolutionNode = FALSE
	EndGlobalSection
	GlobalSection(ExtensibilityGlobals) = postSolution
		SolutionGuid = {80D958BC-7AEA-40E1-8988-AEA6F188F831}
	EndGlobalSection
EndGlobal
