
Microsoft Visual Studio Solution File, Format Version 12.00
# Visual Studio Version 16
VisualStudioVersion = 16.0.30804.86
MinimumVisualStudioVersion = 10.0.40219.1
Project("{FAE04EC0-301F-11D3-BF4B-00C04F79EFBC}") = "jármű", "jármű.csproj", "{692BD463-7BEC-4743-AD93-F639282BCEB7}"
EndProject
Global
	GlobalSection(SolutionConfigurationPlatforms) = preSolution
		Debug|Any CPU = Debug|Any CPU
		Release|Any CPU = Release|Any CPU
	EndGlobalSection
	GlobalSection(ProjectConfigurationPlatforms) = postSolution
		{692BD463-7BEC-4743-AD93-F639282BCEB7}.Debug|Any CPU.ActiveCfg = Debug|Any CPU
		{692BD463-7BEC-4743-AD93-F639282BCEB7}.Debug|Any CPU.Build.0 = Debug|Any CPU
		{692BD463-7BEC-4743-AD93-F639282BCEB7}.Release|Any CPU.ActiveCfg = Release|Any CPU
		{692BD463-7BEC-4743-AD93-F639282BCEB7}.Release|Any CPU.Build.0 = Release|Any CPU
	EndGlobalSection
	GlobalSection(SolutionProperties) = preSolution
		HideSolutionNode = FALSE
	EndGlobalSection
	GlobalSection(ExtensibilityGlobals) = postSolution
		SolutionGuid = {EB529156-2533-4B9E-8002-9768A8375577}
	EndGlobalSection
EndGlobal
