
Microsoft Visual Studio Solution File, Format Version 12.00
# Visual Studio Version 16
VisualStudioVersion = 16.0.30804.86
MinimumVisualStudioVersion = 10.0.40219.1
Project("{FAE04EC0-301F-11D3-BF4B-00C04F79EFBC}") = "lorem", "lorem.csproj", "{BA634FE4-8957-4411-9A70-55F0666B3D3C}"
EndProject
Global
	GlobalSection(SolutionConfigurationPlatforms) = preSolution
		Debug|Any CPU = Debug|Any CPU
		Release|Any CPU = Release|Any CPU
	EndGlobalSection
	GlobalSection(ProjectConfigurationPlatforms) = postSolution
		{BA634FE4-8957-4411-9A70-55F0666B3D3C}.Debug|Any CPU.ActiveCfg = Debug|Any CPU
		{BA634FE4-8957-4411-9A70-55F0666B3D3C}.Debug|Any CPU.Build.0 = Debug|Any CPU
		{BA634FE4-8957-4411-9A70-55F0666B3D3C}.Release|Any CPU.ActiveCfg = Release|Any CPU
		{BA634FE4-8957-4411-9A70-55F0666B3D3C}.Release|Any CPU.Build.0 = Release|Any CPU
	EndGlobalSection
	GlobalSection(SolutionProperties) = preSolution
		HideSolutionNode = FALSE
	EndGlobalSection
	GlobalSection(ExtensibilityGlobals) = postSolution
		SolutionGuid = {278216DB-ACD9-49F2-B644-EC8EB7B1CB18}
	EndGlobalSection
EndGlobal
