
Microsoft Visual Studio Solution File, Format Version 12.00
# Visual Studio Version 16
VisualStudioVersion = 16.0.30621.155
MinimumVisualStudioVersion = 10.0.40219.1
Project("{FAE04EC0-301F-11D3-BF4B-00C04F79EFBC}") = "ciklusok", "ciklusok.csproj", "{3091528B-3E49-43A3-8987-32105AFEC9AB}"
EndProject
Global
	GlobalSection(SolutionConfigurationPlatforms) = preSolution
		Debug|Any CPU = Debug|Any CPU
		Release|Any CPU = Release|Any CPU
	EndGlobalSection
	GlobalSection(ProjectConfigurationPlatforms) = postSolution
		{3091528B-3E49-43A3-8987-32105AFEC9AB}.Debug|Any CPU.ActiveCfg = Debug|Any CPU
		{3091528B-3E49-43A3-8987-32105AFEC9AB}.Debug|Any CPU.Build.0 = Debug|Any CPU
		{3091528B-3E49-43A3-8987-32105AFEC9AB}.Release|Any CPU.ActiveCfg = Release|Any CPU
		{3091528B-3E49-43A3-8987-32105AFEC9AB}.Release|Any CPU.Build.0 = Release|Any CPU
	EndGlobalSection
	GlobalSection(SolutionProperties) = preSolution
		HideSolutionNode = FALSE
	EndGlobalSection
	GlobalSection(ExtensibilityGlobals) = postSolution
		SolutionGuid = {13C6BE5D-8948-4CA8-9273-8B40C9E47E5B}
	EndGlobalSection
EndGlobal
