
Microsoft Visual Studio Solution File, Format Version 12.00
# Visual Studio Version 16
VisualStudioVersion = 16.0.31205.134
MinimumVisualStudioVersion = 10.0.40219.1
Project("{FAE04EC0-301F-11D3-BF4B-00C04F79EFBC}") = "elem futidő", "elem futidő\elem futidő.csproj", "{374C8DCC-78C3-4FA6-AF3E-D895A2507221}"
EndProject
Global
	GlobalSection(SolutionConfigurationPlatforms) = preSolution
		Debug|Any CPU = Debug|Any CPU
		Release|Any CPU = Release|Any CPU
	EndGlobalSection
	GlobalSection(ProjectConfigurationPlatforms) = postSolution
		{374C8DCC-78C3-4FA6-AF3E-D895A2507221}.Debug|Any CPU.ActiveCfg = Debug|Any CPU
		{374C8DCC-78C3-4FA6-AF3E-D895A2507221}.Debug|Any CPU.Build.0 = Debug|Any CPU
		{374C8DCC-78C3-4FA6-AF3E-D895A2507221}.Release|Any CPU.ActiveCfg = Release|Any CPU
		{374C8DCC-78C3-4FA6-AF3E-D895A2507221}.Release|Any CPU.Build.0 = Release|Any CPU
	EndGlobalSection
	GlobalSection(SolutionProperties) = preSolution
		HideSolutionNode = FALSE
	EndGlobalSection
	GlobalSection(ExtensibilityGlobals) = postSolution
		SolutionGuid = {B383F9A5-98C9-40A7-B503-610863613C09}
	EndGlobalSection
EndGlobal
