
Microsoft Visual Studio Solution File, Format Version 12.00
# Visual Studio Version 16
VisualStudioVersion = 16.0.31205.134
MinimumVisualStudioVersion = 10.0.40219.1
Project("{FAE04EC0-301F-11D3-BF4B-00C04F79EFBC}") = "helsinki1952-11amell", "helsinki1952-11amell.csproj", "{460FEECD-B46A-4419-9305-6E4DEE21EA3C}"
EndProject
Global
	GlobalSection(SolutionConfigurationPlatforms) = preSolution
		Debug|Any CPU = Debug|Any CPU
		Release|Any CPU = Release|Any CPU
	EndGlobalSection
	GlobalSection(ProjectConfigurationPlatforms) = postSolution
		{460FEECD-B46A-4419-9305-6E4DEE21EA3C}.Debug|Any CPU.ActiveCfg = Debug|Any CPU
		{460FEECD-B46A-4419-9305-6E4DEE21EA3C}.Debug|Any CPU.Build.0 = Debug|Any CPU
		{460FEECD-B46A-4419-9305-6E4DEE21EA3C}.Release|Any CPU.ActiveCfg = Release|Any CPU
		{460FEECD-B46A-4419-9305-6E4DEE21EA3C}.Release|Any CPU.Build.0 = Release|Any CPU
	EndGlobalSection
	GlobalSection(SolutionProperties) = preSolution
		HideSolutionNode = FALSE
	EndGlobalSection
	GlobalSection(ExtensibilityGlobals) = postSolution
		SolutionGuid = {B49C345C-F47B-41E5-B8B9-394756E74288}
	EndGlobalSection
EndGlobal
