
Microsoft Visual Studio Solution File, Format Version 12.00
# Visual Studio Version 16
VisualStudioVersion = 16.0.31205.134
MinimumVisualStudioVersion = 10.0.40219.1
Project("{FAE04EC0-301F-11D3-BF4B-00C04F79EFBC}") = "vez_let_fut_ido", "vez_let_fut_ido\vez_let_fut_ido.csproj", "{B612EA17-9619-4858-868C-93537D42641F}"
EndProject
Global
	GlobalSection(SolutionConfigurationPlatforms) = preSolution
		Debug|Any CPU = Debug|Any CPU
		Release|Any CPU = Release|Any CPU
	EndGlobalSection
	GlobalSection(ProjectConfigurationPlatforms) = postSolution
		{B612EA17-9619-4858-868C-93537D42641F}.Debug|Any CPU.ActiveCfg = Debug|Any CPU
		{B612EA17-9619-4858-868C-93537D42641F}.Debug|Any CPU.Build.0 = Debug|Any CPU
		{B612EA17-9619-4858-868C-93537D42641F}.Release|Any CPU.ActiveCfg = Release|Any CPU
		{B612EA17-9619-4858-868C-93537D42641F}.Release|Any CPU.Build.0 = Release|Any CPU
	EndGlobalSection
	GlobalSection(SolutionProperties) = preSolution
		HideSolutionNode = FALSE
	EndGlobalSection
	GlobalSection(ExtensibilityGlobals) = postSolution
		SolutionGuid = {1C247C0F-59A2-4B2B-B98E-2DA3B34EC1A8}
	EndGlobalSection
EndGlobal
