
Microsoft Visual Studio Solution File, Format Version 12.00
# Visual Studio 15
VisualStudioVersion = 15.0.28307.902
MinimumVisualStudioVersion = 10.0.40219.1
Project("{FAE04EC0-301F-11D3-BF4B-00C04F79EFBC}") = "csudh", "csudh\csudh.csproj", "{B275031F-D7B9-4C25-91B8-2C2DB61145D4}"
EndProject
Global
	GlobalSection(SolutionConfigurationPlatforms) = preSolution
		Debug|Any CPU = Debug|Any CPU
		Release|Any CPU = Release|Any CPU
	EndGlobalSection
	GlobalSection(ProjectConfigurationPlatforms) = postSolution
		{B275031F-D7B9-4C25-91B8-2C2DB61145D4}.Debug|Any CPU.ActiveCfg = Debug|Any CPU
		{B275031F-D7B9-4C25-91B8-2C2DB61145D4}.Debug|Any CPU.Build.0 = Debug|Any CPU
		{B275031F-D7B9-4C25-91B8-2C2DB61145D4}.Release|Any CPU.ActiveCfg = Release|Any CPU
		{B275031F-D7B9-4C25-91B8-2C2DB61145D4}.Release|Any CPU.Build.0 = Release|Any CPU
	EndGlobalSection
	GlobalSection(SolutionProperties) = preSolution
		HideSolutionNode = FALSE
	EndGlobalSection
	GlobalSection(ExtensibilityGlobals) = postSolution
		SolutionGuid = {DA6C424A-40E9-4609-9243-5AE6DB55A486}
	EndGlobalSection
EndGlobal
