
Microsoft Visual Studio Solution File, Format Version 12.00
# Visual Studio Version 16
VisualStudioVersion = 16.0.30104.148
MinimumVisualStudioVersion = 10.0.40219.1
Project("{FAE04EC0-301F-11D3-BF4B-00C04F79EFBC}") = "összegzés tétele", "összegzés tétele.csproj", "{FC90D73E-03F5-4A59-B930-2A088B50DCBA}"
EndProject
Global
	GlobalSection(SolutionConfigurationPlatforms) = preSolution
		Debug|Any CPU = Debug|Any CPU
		Release|Any CPU = Release|Any CPU
	EndGlobalSection
	GlobalSection(ProjectConfigurationPlatforms) = postSolution
		{FC90D73E-03F5-4A59-B930-2A088B50DCBA}.Debug|Any CPU.ActiveCfg = Debug|Any CPU
		{FC90D73E-03F5-4A59-B930-2A088B50DCBA}.Debug|Any CPU.Build.0 = Debug|Any CPU
		{FC90D73E-03F5-4A59-B930-2A088B50DCBA}.Release|Any CPU.ActiveCfg = Release|Any CPU
		{FC90D73E-03F5-4A59-B930-2A088B50DCBA}.Release|Any CPU.Build.0 = Release|Any CPU
	EndGlobalSection
	GlobalSection(SolutionProperties) = preSolution
		HideSolutionNode = FALSE
	EndGlobalSection
	GlobalSection(ExtensibilityGlobals) = postSolution
		SolutionGuid = {B8DC0706-EA8B-445B-9CF4-A6016D3276DC}
	EndGlobalSection
EndGlobal
