
Microsoft Visual Studio Solution File, Format Version 12.00
# Visual Studio Version 16
VisualStudioVersion = 16.0.30804.86
MinimumVisualStudioVersion = 10.0.40219.1
Project("{FAE04EC0-301F-11D3-BF4B-00C04F79EFBC}") = "sudokuCLI", "sudokuCLI.csproj", "{359570F7-35DB-42A8-8245-2EF7E39D221E}"
EndProject
Global
	GlobalSection(SolutionConfigurationPlatforms) = preSolution
		Debug|Any CPU = Debug|Any CPU
		Release|Any CPU = Release|Any CPU
	EndGlobalSection
	GlobalSection(ProjectConfigurationPlatforms) = postSolution
		{359570F7-35DB-42A8-8245-2EF7E39D221E}.Debug|Any CPU.ActiveCfg = Debug|Any CPU
		{359570F7-35DB-42A8-8245-2EF7E39D221E}.Debug|Any CPU.Build.0 = Debug|Any CPU
		{359570F7-35DB-42A8-8245-2EF7E39D221E}.Release|Any CPU.ActiveCfg = Release|Any CPU
		{359570F7-35DB-42A8-8245-2EF7E39D221E}.Release|Any CPU.Build.0 = Release|Any CPU
	EndGlobalSection
	GlobalSection(SolutionProperties) = preSolution
		HideSolutionNode = FALSE
	EndGlobalSection
	GlobalSection(ExtensibilityGlobals) = postSolution
		SolutionGuid = {98B678A0-6D47-44D3-9D4D-2D49383E44DA}
	EndGlobalSection
EndGlobal
