
Microsoft Visual Studio Solution File, Format Version 12.00
# Visual Studio Version 16
VisualStudioVersion = 16.0.30621.155
MinimumVisualStudioVersion = 10.0.40219.1
Project("{FAE04EC0-301F-11D3-BF4B-00C04F79EFBC}") = "minkiválasztásos rendezs", "minkiválasztásos rendezs.csproj", "{C6D2DA05-5C9F-4D7D-8463-2E4F64D55382}"
EndProject
Global
	GlobalSection(SolutionConfigurationPlatforms) = preSolution
		Debug|Any CPU = Debug|Any CPU
		Release|Any CPU = Release|Any CPU
	EndGlobalSection
	GlobalSection(ProjectConfigurationPlatforms) = postSolution
		{C6D2DA05-5C9F-4D7D-8463-2E4F64D55382}.Debug|Any CPU.ActiveCfg = Debug|Any CPU
		{C6D2DA05-5C9F-4D7D-8463-2E4F64D55382}.Debug|Any CPU.Build.0 = Debug|Any CPU
		{C6D2DA05-5C9F-4D7D-8463-2E4F64D55382}.Release|Any CPU.ActiveCfg = Release|Any CPU
		{C6D2DA05-5C9F-4D7D-8463-2E4F64D55382}.Release|Any CPU.Build.0 = Release|Any CPU
	EndGlobalSection
	GlobalSection(SolutionProperties) = preSolution
		HideSolutionNode = FALSE
	EndGlobalSection
	GlobalSection(ExtensibilityGlobals) = postSolution
		SolutionGuid = {98B22FFE-628F-4605-AB0C-E46BAB105061}
	EndGlobalSection
EndGlobal
